// !$*UTF8*$!
{
	archiveVersion = 1;
	classes = {
	};
	objectVersion = 46;
	objects = {

/* Begin PBXBuildFile section */
		597AD1601BBBC83F0090B28C /* AppDelegate.swift in Sources */ = {isa = PBXBuildFile; fileRef = 597AD15F1BBBC83F0090B28C /* AppDelegate.swift */; };
		597AD1651BBBC83F0090B28C /* Main.storyboard in Resources */ = {isa = PBXBuildFile; fileRef = 597AD1631BBBC83F0090B28C /* Main.storyboard */; };
		597AD1671BBBC83F0090B28C /* Assets.xcassets in Resources */ = {isa = PBXBuildFile; fileRef = 597AD1661BBBC83F0090B28C /* Assets.xcassets */; };
		597AD16A1BBBC83F0090B28C /* LaunchScreen.storyboard in Resources */ = {isa = PBXBuildFile; fileRef = 597AD1681BBBC83F0090B28C /* LaunchScreen.storyboard */; };
		597AD1721BBBC8B10090B28C /* FlexButton.swift in Sources */ = {isa = PBXBuildFile; fileRef = 597AD1711BBBC8B10090B28C /* FlexButton.swift */; settings = {ASSET_TAGS = (); }; };
		597AD1741BBBCB4D0090B28C /* TableViewController.swift in Sources */ = {isa = PBXBuildFile; fileRef = 597AD1731BBBCB4D0090B28C /* TableViewController.swift */; settings = {ASSET_TAGS = (); }; };
/* End PBXBuildFile section */

/* Begin PBXFileReference section */
		597AD15C1BBBC83F0090B28C /* FlexButtonDemo.app */ = {isa = PBXFileReference; explicitFileType = wrapper.application; includeInIndex = 0; path = FlexButtonDemo.app; sourceTree = BUILT_PRODUCTS_DIR; };
		597AD15F1BBBC83F0090B28C /* AppDelegate.swift */ = {isa = PBXFileReference; lastKnownFileType = sourcecode.swift; path = AppDelegate.swift; sourceTree = "<group>"; };
		597AD1641BBBC83F0090B28C /* Base */ = {isa = PBXFileReference; lastKnownFileType = file.storyboard; name = Base; path = Base.lproj/Main.storyboard; sourceTree = "<group>"; };
		597AD1661BBBC83F0090B28C /* Assets.xcassets */ = {isa = PBXFileReference; lastKnownFileType = folder.assetcatalog; path = Assets.xcassets; sourceTree = "<group>"; };
		597AD1691BBBC83F0090B28C /* Base */ = {isa = PBXFileReference; lastKnownFileType = file.storyboard; name = Base; path = Base.lproj/LaunchScreen.storyboard; sourceTree = "<group>"; };
		597AD16B1BBBC83F0090B28C /* Info.plist */ = {isa = PBXFileReference; lastKnownFileType = text.plist.xml; path = Info.plist; sourceTree = "<group>"; };
		597AD1711BBBC8B10090B28C /* FlexButton.swift */ = {isa = PBXFileReference; fileEncoding = 4; lastKnownFileType = sourcecode.swift; path = FlexButton.swift; sourceTree = "<group>"; };
		597AD1731BBBCB4D0090B28C /* TableViewController.swift */ = {isa = PBXFileReference; fileEncoding = 4; lastKnownFileType = sourcecode.swift; path = TableViewController.swift; sourceTree = "<group>"; };
/* End PBXFileReference section */

/* Begin PBXFrameworksBuildPhase section */
		597AD1591BBBC83F0090B28C /* Frameworks */ = {
			isa = PBXFrameworksBuildPhase;
			buildActionMask = 2147483647;
			files = (
			);
			runOnlyForDeploymentPostprocessing = 0;
		};
/* End PBXFrameworksBuildPhase section */

/* Begin PBXGroup section */
		597AD1531BBBC83F0090B28C = {
			isa = PBXGroup;
			children = (
				597AD1711BBBC8B10090B28C /* FlexButton.swift */,
				597AD15E1BBBC83F0090B28C /* FlexButtonDemo */,
				597AD15D1BBBC83F0090B28C /* Products */,
			);
			sourceTree = "<group>";
		};
		597AD15D1BBBC83F0090B28C /* Products */ = {
			isa = PBXGroup;
			children = (
				597AD15C1BBBC83F0090B28C /* FlexButtonDemo.app */,
			);
			name = Products;
			sourceTree = "<group>";
		};
		597AD15E1BBBC83F0090B28C /* FlexButtonDemo */ = {
			isa = PBXGroup;
			children = (
				597AD15F1BBBC83F0090B28C /* AppDelegate.swift */,
				597AD1631BBBC83F0090B28C /* Main.storyboard */,
				597AD1731BBBCB4D0090B28C /* TableViewController.swift */,
				597AD1661BBBC83F0090B28C /* Assets.xcassets */,
				597AD1681BBBC83F0090B28C /* LaunchScreen.storyboard */,
				597AD16B1BBBC83F0090B28C /* Info.plist */,
			);
			path = FlexButtonDemo;
			sourceTree = "<group>";
		};
/* End PBXGroup section */

/* Begin PBXNativeTarget section */
		597AD15B1BBBC83F0090B28C /* FlexButtonDemo */ = {
			isa = PBXNativeTarget;
			buildConfigurationList = 597AD16E1BBBC83F0090B28C /* Build configuration list for PBXNativeTarget "FlexButtonDemo" */;
			buildPhases = (
				597AD1581BBBC83F0090B28C /* Sources */,
				597AD1591BBBC83F0090B28C /* Frameworks */,
				597AD15A1BBBC83F0090B28C /* Resources */,
			);
			buildRules = (
			);
			dependencies = (
			);
			name = FlexButtonDemo;
			productName = FlexButtonDemo;
			productReference = 597AD15C1BBBC83F0090B28C /* FlexButtonDemo.app */;
			productType = "com.apple.product-type.application";
		};
/* End PBXNativeTarget section */

/* Begin PBXProject section */
		597AD1541BBBC83F0090B28C /* Project object */ = {
			isa = PBXProject;
			attributes = {
				LastUpgradeCheck = 0700;
				ORGANIZATIONNAME = HeYilei;
				TargetAttributes = {
					597AD15B1BBBC83F0090B28C = {
						CreatedOnToolsVersion = 7.0.1;
					};
				};
			};
			buildConfigurationList = 597AD1571BBBC83F0090B28C /* Build configuration list for PBXProject "FlexButtonDemo" */;
			compatibilityVersion = "Xcode 3.2";
			developmentRegion = English;
			hasScannedForEncodings = 0;
			knownRegions = (
				en,
				Base,
			);
			mainGroup = 597AD1531BBBC83F0090B28C;
			productRefGroup = 597AD15D1BBBC83F0090B28C /* Products */;
			projectDirPath = "";
			projectRoot = "";
			targets = (
				597AD15B1BBBC83F0090B28C /* FlexButtonDemo */,
			);
		};
/* End PBXProject section */

/* Begin PBXResourcesBuildPhase section */
		597AD15A1BBBC83F0090B28C /* Resources */ = {
			isa = PBXResourcesBuildPhase;
			buildActionMask = 2147483647;
			files = (
				597AD16A1BBBC83F0090B28C /* LaunchScreen.storyboard in Resources */,
				597AD1671BBBC83F0090B28C /* Assets.xcassets in Resources */,
				597AD1651BBBC83F0090B28C /* Main.storyboard in Resources */,
			);
			runOnlyForDeploymentPostprocessing = 0;
		};
/* End PBXResourcesBuildPhase section */

/* Begin PBXSourcesBuildPhase section */
		597AD1581BBBC83F0090B28C /* Sources */ = {
			isa = PBXSourcesBuildPhase;
			buildActionMask = 2147483647;
			files = (
				597AD1601BBBC83F0090B28C /* AppDelegate.swift in Sources */,
				597AD1721BBBC8B10090B28C /* FlexButton.swift in Sources */,
				597AD1741BBBCB4D0090B28C /* TableViewController.swift in Sources */,
			);
			runOnlyForDeploymentPostprocessing = 0;
		};
/* End PBXSourcesBuildPhase section */

/* Begin PBXVariantGroup section */
		597AD1631BBBC83F0090B28C /* Main.storyboard */ = {
			isa = PBXVariantGroup;
			children = (
				597AD1641BBBC83F0090B28C /* Base */,
			);
			name = Main.storyboard;
			sourceTree = "<group>";
		};
		597AD1681BBBC83F0090B28C /* LaunchScreen.storyboard */ = {
			isa = PBXVariantGroup;
			children = (
				597AD1691BBBC83F0090B28C /* Base */,
			);
			name = LaunchScreen.storyboard;
			sourceTree = "<group>";
		};
/* End PBXVariantGroup section */

/* Begin XCBuildConfiguration section */
		597AD16C1BBBC83F0090B28C /* Debug */ = {
			isa = XCBuildConfiguration;
			buildSettings = {
				ALWAYS_SEARCH_USER_PATHS = NO;
				CLANG_CXX_LANGUAGE_STANDARD = "gnu++0x";
				CLANG_CXX_LIBRARY = "libc++";
				CLANG_ENABLE_MODULES = YES;
				CLANG_ENABLE_OBJC_ARC = YES;
				CLANG_WARN_BOOL_CONVERSION = YES;
				CLANG_WARN_CONSTANT_CONVERSION = YES;
				CLANG_WARN_DIRECT_OBJC_ISA_USAGE = YES_ERROR;
				CLANG_WARN_EMPTY_BODY = YES;
				CLANG_WARN_ENUM_CONVERSION = YES;
				CLANG_WARN_INT_CONVERSION = YES;
				CLANG_WARN_OBJC_ROOT_CLASS = YES_ERROR;
				CLANG_WARN_UNREACHABLE_CODE = YES;
				CLANG_WARN__DUPLICATE_METHOD_MATCH = YES;
				"CODE_SIGN_IDENTITY[sdk=iphoneos*]" = "iPhone Developer";
				COPY_PHASE_STRIP = NO;
				DEBUG_INFORMATION_FORMAT = dwarf;
				ENABLE_STRICT_OBJC_MSGSEND = YES;
				ENABLE_TESTABILITY = YES;
				GCC_C_LANGUAGE_STANDARD = gnu99;
				GCC_DYNAMIC_NO_PIC = NO;
				GCC_NO_COMMON_BLOCKS = YES;
				GCC_OPTIMIZATION_LEVEL = 0;
				GCC_PREPROCESSOR_DEFINITIONS = (
					"DEBUG=1",
					"$(inherited)",
				);
				GCC_WARN_64_TO_32_BIT_CONVERSION = YES;
				GCC_WARN_ABOUT_RETURN_TYPE = YES_ERROR;
				GCC_WARN_UNDECLARED_SELECTOR = YES;
				GCC_WARN_UNINITIALIZED_AUTOS = YES_AGGRESSIVE;
				GCC_WARN_UNUSED_FUNCTION = YES;
				GCC_WARN_UNUSED_VARIABLE = YES;
				IPHONEOS_DEPLOYMENT_TARGET = 9.0;
				MTL_ENABLE_DEBUG_INFO = YES;
				ONLY_ACTIVE_ARCH = YES;
				SDKROOT = iphoneos;
				SWIFT_OPTIMIZATION_LEVEL = "-Onone";
				TARGETED_DEVICE_FAMILY = "1,2";
			};
			name = Debug;
		};
		597AD16D1BBBC83F0090B28C /* Release */ = {
			isa = XCBuildConfiguration;
			buildSettings = {
				ALWAYS_SEARCH_USER_PATHS = NO;
				CLANG_CXX_LANGUAGE_STANDARD = "gnu++0x";
				CLANG_CXX_LIBRARY = "libc++";
				CLANG_ENABLE_MODULES = YES;
				CLANG_ENABLE_OBJC_ARC = YES;
				CLANG_WARN_BOOL_CONVERSION = YES;
				CLANG_WARN_CONSTANT_CONVERSION = YES;
				CLANG_WARN_DIRECT_OBJC_ISA_USAGE = YES_ERROR;
				CLANG_WARN_EMPTY_BODY = YES;
				CLANG_WARN_ENUM_CONVERSION = YES;
				CLANG_WARN_INT_CONVERSION = YES;
				CLANG_WARN_OBJC_ROOT_CLASS = YES_ERROR;
				CLANG_WARN_UNREACHABLE_CODE = YES;
				CLANG_WARN__DUPLICATE_METHOD_MATCH = YES;
				"CODE_SIGN_IDENTITY[sdk=iphoneos*]" = "iPhone Developer";
				COPY_PHASE_STRIP = NO;
				DEBUG_INFORMATION_FORMAT = "dwarf-with-dsym";
				ENABLE_NS_ASSERTIONS = NO;
				ENABLE_STRICT_OBJC_MSGSEND = YES;
				GCC_C_LANGUAGE_STANDARD = gnu99;
				GCC_NO_COMMON_BLOCKS = YES;
				GCC_WARN_64_TO_32_BIT_CONVERSION = YES;
				GCC_WARN_ABOUT_RETURN_TYPE = YES_ERROR;
				GCC_WARN_UNDECLARED_SELECTOR = YES;
				GCC_WARN_UNINITIALIZED_AUTOS = YES_AGGRESSIVE;
				GCC_WARN_UNUSED_FUNCTION = YES;
				GCC_WARN_UNUSED_VARIABLE = YES;
				IPHONEOS_DEPLOYMENT_TARGET = 9.0;
				MTL_ENABLE_DEBUG_INFO = NO;
				SDKROOT = iphoneos;
				TARGETED_DEVICE_FAMILY = "1,2";
				VALIDATE_PRODUCT = YES;
			};
			name = Release;
		};
		597AD16F1BBBC83F0090B28C /* Debug */ = {
			isa = XCBuildConfiguration;
			buildSettings = {
				ASSETCATALOG_COMPILER_APPICON_NAME = AppIcon;
				INFOPLIST_FILE = FlexButtonDemo/Info.plist;
				LD_RUNPATH_SEARCH_PATHS = "$(inherited) @executable_path/Frameworks";
				PRODUCT_BUNDLE_IDENTIFIER = com.jeylabs.FlexButtonDemo;
				PRODUCT_NAME = "$(TARGET_NAME)";
			};
			name = Debug;
		};
		597AD1701BBBC83F0090B28C /* Release */ = {
			isa = XCBuildConfiguration;
			buildSettings = {
				ASSETCATALOG_COMPILER_APPICON_NAME = AppIcon;
				INFOPLIST_FILE = FlexButtonDemo/Info.plist;
				LD_RUNPATH_SEARCH_PATHS = "$(inherited) @executable_path/Frameworks";
				PRODUCT_BUNDLE_IDENTIFIER = com.jeylabs.FlexButtonDemo;
				PRODUCT_NAME = "$(TARGET_NAME)";
			};
			name = Release;
		};
/* End XCBuildConfiguration section */

/* Begin XCConfigurationList section */
		597AD1571BBBC83F0090B28C /* Build configuration list for PBXProject "FlexButtonDemo" */ = {
			isa = XCConfigurationList;
			buildConfigurations = (
				597AD16C1BBBC83F0090B28C /* Debug */,
				597AD16D1BBBC83F0090B28C /* Release */,
			);
			defaultConfigurationIsVisible = 0;
			defaultConfigurationName = Release;
		};
		597AD16E1BBBC83F0090B28C /* Build configuration list for PBXNativeTarget "FlexButtonDemo" */ = {
			isa = XCConfigurationList;
			buildConfigurations = (
				597AD16F1BBBC83F0090B28C /* Debug */,
				597AD1701BBBC83F0090B28C /* Release */,
			);
			defaultConfigurationIsVisible = 0;
		};
/* End XCConfigurationList section */
	};
	rootObject = 597AD1541BBBC83F0090B28C /* Project object */;
}
